
Microsoft Visual Studio Solution File, Format Version 12.00
# Visual Studio 15
VisualStudioVersion = 15.0.27130.2027
MinimumVisualStudioVersion = 10.0.40219.1
Project("{8BC9CEB8-8B4A-11D0-8D11-00A0C91BC942}") = "snake", "snake\snake.vcxproj", "{F9722C03-E8A4-48DB-AC40-C1119BAB175D}"
EndProject
Global
	GlobalSection(SolutionConfigurationPlatforms) = preSolution
		Debug|x64 = Debug|x64
		Debug|x86 = Debug|x86
		Release|x64 = Release|x64
		Release|x86 = Release|x86
	EndGlobalSection
	GlobalSection(ProjectConfigurationPlatforms) = postSolution
		{F9722C03-E8A4-48DB-AC40-C1119BAB175D}.Debug|x64.ActiveCfg = Debug|x64
		{F9722C03-E8A4-48DB-AC40-C1119BAB175D}.Debug|x64.Build.0 = Debug|x64
		{F9722C03-E8A4-48DB-AC40-C1119BAB175D}.Debug|x86.ActiveCfg = Debug|Win32
		{F9722C03-E8A4-48DB-AC40-C1119BAB175D}.Debug|x86.Build.0 = Debug|Win32
		{F9722C03-E8A4-48DB-AC40-C1119BAB175D}.Release|x64.ActiveCfg = Release|x64
		{F9722C03-E8A4-48DB-AC40-C1119BAB175D}.Release|x64.Build.0 = Release|x64
		{F9722C03-E8A4-48DB-AC40-C1119BAB175D}.Release|x86.ActiveCfg = Release|Win32
		{F9722C03-E8A4-48DB-AC40-C1119BAB175D}.Release|x86.Build.0 = Release|Win32
	EndGlobalSection
	GlobalSection(SolutionProperties) = preSolution
		HideSolutionNode = FALSE
	EndGlobalSection
	GlobalSection(ExtensibilityGlobals) = postSolution
		SolutionGuid = {29C65CAC-CCC2-44D4-89A4-D57A2F278F84}
	EndGlobalSection
EndGlobal
